
Microsoft Visual Studio Solution File, Format Version 12.00
# Visual Studio Version 17
VisualStudioVersion = 17.7.34031.279
MinimumVisualStudioVersion = 10.0.40219.1
Project("{8BC9CEB8-8B4A-11D0-8D11-00A0C91BC942}") = "homework.15.9_hash_table_chat", "homework.15.9_hash_table_chat.vcxproj", "{5339774D-04AC-40B9-BB36-D97B991D7D53}"
EndProject
Global
	GlobalSection(SolutionConfigurationPlatforms) = preSolution
		Debug|x64 = Debug|x64
		Debug|x86 = Debug|x86
		Release|x64 = Release|x64
		Release|x86 = Release|x86
	EndGlobalSection
	GlobalSection(ProjectConfigurationPlatforms) = postSolution
		{5339774D-04AC-40B9-BB36-D97B991D7D53}.Debug|x64.ActiveCfg = Debug|x64
		{5339774D-04AC-40B9-BB36-D97B991D7D53}.Debug|x64.Build.0 = Debug|x64
		{5339774D-04AC-40B9-BB36-D97B991D7D53}.Debug|x86.ActiveCfg = Debug|Win32
		{5339774D-04AC-40B9-BB36-D97B991D7D53}.Debug|x86.Build.0 = Debug|Win32
		{5339774D-04AC-40B9-BB36-D97B991D7D53}.Release|x64.ActiveCfg = Release|x64
		{5339774D-04AC-40B9-BB36-D97B991D7D53}.Release|x64.Build.0 = Release|x64
		{5339774D-04AC-40B9-BB36-D97B991D7D53}.Release|x86.ActiveCfg = Release|Win32
		{5339774D-04AC-40B9-BB36-D97B991D7D53}.Release|x86.Build.0 = Release|Win32
	EndGlobalSection
	GlobalSection(SolutionProperties) = preSolution
		HideSolutionNode = FALSE
	EndGlobalSection
	GlobalSection(ExtensibilityGlobals) = postSolution
		SolutionGuid = {ADE49894-0169-4669-9B79-6D6711211C63}
	EndGlobalSection
EndGlobal
